// !$*UTF8*$!
{
	archiveVersion = 1;
	classes = {
	};
	objectVersion = 46;
	objects = {

/* Begin PBXBuildFile section */
		172261321ED34BE4002B51A5 /* UserTimelineFeed.swift in Sources */ = {isa = PBXBuildFile; fileRef = 172261311ED34BE4002B51A5 /* UserTimelineFeed.swift */; };
		172261361ED35235002B51A5 /* FeedViewControllerState.swift in Sources */ = {isa = PBXBuildFile; fileRef = 172261351ED35235002B51A5 /* FeedViewControllerState.swift */; };
		172261461ED39EF6002B51A5 /* SubmissionState.swift in Sources */ = {isa = PBXBuildFile; fileRef = 172261451ED39EF6002B51A5 /* SubmissionState.swift */; };
		172261481ED3A30D002B51A5 /* SubmissionTransition.swift in Sources */ = {isa = PBXBuildFile; fileRef = 172261471ED3A30D002B51A5 /* SubmissionTransition.swift */; };
		1735A82C1ECD0A8300152C0E /* TwitterAPI+Timeline.swift in Sources */ = {isa = PBXBuildFile; fileRef = 1735A82B1ECD0A8300152C0E /* TwitterAPI+Timeline.swift */; };
		1735A82E1ECD0BBA00152C0E /* Tweet.swift in Sources */ = {isa = PBXBuildFile; fileRef = 1735A82D1ECD0BBA00152C0E /* Tweet.swift */; };
		1735A8301ECD114F00152C0E /* TweetView.xib in Resources */ = {isa = PBXBuildFile; fileRef = 1735A82F1ECD114F00152C0E /* TweetView.xib */; };
		1735A8321ECD115700152C0E /* TweetView.swift in Sources */ = {isa = PBXBuildFile; fileRef = 1735A8311ECD115700152C0E /* TweetView.swift */; };
		1735A8341ECD11AF00152C0E /* User.swift in Sources */ = {isa = PBXBuildFile; fileRef = 1735A8331ECD11AF00152C0E /* User.swift */; };
		1735A8361ECD138C00152C0E /* TweetViewController.swift in Sources */ = {isa = PBXBuildFile; fileRef = 1735A8351ECD138C00152C0E /* TweetViewController.swift */; };
		1735A83B1ECE03B400152C0E /* LoadingIndicator.swift in Sources */ = {isa = PBXBuildFile; fileRef = 1735A83A1ECE03B400152C0E /* LoadingIndicator.swift */; };
		1735A83D1ECE042100152C0E /* LoadingIndicatorView.xib in Resources */ = {isa = PBXBuildFile; fileRef = 1735A83C1ECE042100152C0E /* LoadingIndicatorView.xib */; };
		1735A83F1ECE080300152C0E /* FeedViewController.swift in Sources */ = {isa = PBXBuildFile; fileRef = 1735A83E1ECE080300152C0E /* FeedViewController.swift */; };
		1735A8411ECE2DCC00152C0E /* FeedLoadingState.swift in Sources */ = {isa = PBXBuildFile; fileRef = 1735A8401ECE2DCC00152C0E /* FeedLoadingState.swift */; };
		1735A8431ECE2DD600152C0E /* FeedLoadingTransition.swift in Sources */ = {isa = PBXBuildFile; fileRef = 1735A8421ECE2DD600152C0E /* FeedLoadingTransition.swift */; };
		1735A8451ECE2E1F00152C0E /* FeedPosition.swift in Sources */ = {isa = PBXBuildFile; fileRef = 1735A8441ECE2E1F00152C0E /* FeedPosition.swift */; };
		1735A8471ECE3B3800152C0E /* Identifiable.swift in Sources */ = {isa = PBXBuildFile; fileRef = 1735A8461ECE3B3800152C0E /* Identifiable.swift */; };
		1735A8491ECE4B9500152C0E /* ErrorList.swift in Sources */ = {isa = PBXBuildFile; fileRef = 1735A8481ECE4B9500152C0E /* ErrorList.swift */; };
		1735A84D1ECF604100152C0E /* Then.framework in Frameworks */ = {isa = PBXBuildFile; fileRef = 1735A84C1ECF604100152C0E /* Then.framework */; };
		1735A84E1ECF604100152C0E /* Then.framework in Embed Frameworks */ = {isa = PBXBuildFile; fileRef = 1735A84C1ECF604100152C0E /* Then.framework */; settings = {ATTRIBUTES = (CodeSignOnCopy, RemoveHeadersOnCopy, ); }; };
		1735A86B1ECF66B400152C0E /* TwitterError.swift in Sources */ = {isa = PBXBuildFile; fileRef = 1735A86A1ECF66B400152C0E /* TwitterError.swift */; };
		1735A86F1ECF7A1900152C0E /* Localizable.strings in Resources */ = {isa = PBXBuildFile; fileRef = 1735A86E1ECF7A1900152C0E /* Localizable.strings */; };
		1735A8711ECF7A5000152C0E /* Strings.swift in Sources */ = {isa = PBXBuildFile; fileRef = 1735A8701ECF7A5000152C0E /* Strings.swift */; };
		1735A8731ECF90C100152C0E /* Localizable.stringsdict in Resources */ = {isa = PBXBuildFile; fileRef = 1735A8721ECF90C100152C0E /* Localizable.stringsdict */; };
		1735A8751ECF910B00152C0E /* Localizable.strings in Resources */ = {isa = PBXBuildFile; fileRef = 1735A8741ECF910B00152C0E /* Localizable.strings */; };
		1735A8771ECF961F00152C0E /* TweetViewControllerState.swift in Sources */ = {isa = PBXBuildFile; fileRef = 1735A8761ECF961F00152C0E /* TweetViewControllerState.swift */; };
		1735A8791ECF96AB00152C0E /* Strings.swift in Sources */ = {isa = PBXBuildFile; fileRef = 1735A8781ECF96AB00152C0E /* Strings.swift */; };
		1735A87B1ECFA09F00152C0E /* TwitterAPI+Like.swift in Sources */ = {isa = PBXBuildFile; fileRef = 1735A87A1ECFA09F00152C0E /* TwitterAPI+Like.swift */; };
		1735A87D1ECFABA600152C0E /* LikeButton.swift in Sources */ = {isa = PBXBuildFile; fileRef = 1735A87C1ECFABA600152C0E /* LikeButton.swift */; };
		1737A9071ECCB12F000EF42E /* AppDelegate.swift in Sources */ = {isa = PBXBuildFile; fileRef = 1737A9061ECCB12F000EF42E /* AppDelegate.swift */; };
		1737A9091ECCB12F000EF42E /* HomeTimelineViewController.swift in Sources */ = {isa = PBXBuildFile; fileRef = 1737A9081ECCB12F000EF42E /* HomeTimelineViewController.swift */; };
		1737A90C1ECCB12F000EF42E /* Main.storyboard in Resources */ = {isa = PBXBuildFile; fileRef = 1737A90A1ECCB12F000EF42E /* Main.storyboard */; };
		1737A90E1ECCB12F000EF42E /* Assets.xcassets in Resources */ = {isa = PBXBuildFile; fileRef = 1737A90D1ECCB12F000EF42E /* Assets.xcassets */; };
		1737A9161ECCB174000EF42E /* Emissary.framework in Frameworks */ = {isa = PBXBuildFile; fileRef = 17DF366D1EC7B8D10085D152 /* Emissary.framework */; };
		1737A9171ECCB174000EF42E /* Emissary.framework in Embed Frameworks */ = {isa = PBXBuildFile; fileRef = 17DF366D1EC7B8D10085D152 /* Emissary.framework */; settings = {ATTRIBUTES = (CodeSignOnCopy, RemoveHeadersOnCopy, ); }; };
		1737A9181ECCB174000EF42E /* Mensa.framework in Frameworks */ = {isa = PBXBuildFile; fileRef = 17DF365E1EC7A0AF0085D152 /* Mensa.framework */; };
		1737A9191ECCB174000EF42E /* Mensa.framework in Embed Frameworks */ = {isa = PBXBuildFile; fileRef = 17DF365E1EC7A0AF0085D152 /* Mensa.framework */; settings = {ATTRIBUTES = (CodeSignOnCopy, RemoveHeadersOnCopy, ); }; };
		1737A91D1ECCB188000EF42E /* Province.framework in Frameworks */ = {isa = PBXBuildFile; fileRef = 17DF362F1EC762ED0085D152 /* Province.framework */; };
		1737A91E1ECCB188000EF42E /* Province.framework in Embed Frameworks */ = {isa = PBXBuildFile; fileRef = 17DF362F1EC762ED0085D152 /* Province.framework */; settings = {ATTRIBUTES = (CodeSignOnCopy, RemoveHeadersOnCopy, ); }; };
		1737A9211ECCB1A2000EF42E /* Emissary.framework in Frameworks */ = {isa = PBXBuildFile; fileRef = 17DF366D1EC7B8D10085D152 /* Emissary.framework */; };
		1737A9261ECCB449000EF42E /* HomeTimelineFeed.swift in Sources */ = {isa = PBXBuildFile; fileRef = 1737A9251ECCB449000EF42E /* HomeTimelineFeed.swift */; };
		1737A9291ECCB462000EF42E /* Feed.swift in Sources */ = {isa = PBXBuildFile; fileRef = 1737A9281ECCB462000EF42E /* Feed.swift */; };
		1737A92B1ECCBA07000EF42E /* TwitterAPI.swift in Sources */ = {isa = PBXBuildFile; fileRef = 1737A92A1ECCBA07000EF42E /* TwitterAPI.swift */; };
		1737A92F1ECCC5E6000EF42E /* Session.swift in Sources */ = {isa = PBXBuildFile; fileRef = 1737A92E1ECCC5E6000EF42E /* Session.swift */; };
		1737A9311ECCC6EE000EF42E /* TwitterSession.swift in Sources */ = {isa = PBXBuildFile; fileRef = 1737A9301ECCC6EE000EF42E /* TwitterSession.swift */; };
		1791AC181ED2A4A600A1481A /* UserTimelineViewController.swift in Sources */ = {isa = PBXBuildFile; fileRef = 1791AC171ED2A4A500A1481A /* UserTimelineViewController.swift */; };
		1791AC1C1ED2A4FD00A1481A /* TimelineFeed.swift in Sources */ = {isa = PBXBuildFile; fileRef = 1791AC1B1ED2A4FD00A1481A /* TimelineFeed.swift */; };
		1791CA081EC9FD300053F556 /* AuthenticationState.swift in Sources */ = {isa = PBXBuildFile; fileRef = 1791CA071EC9FD300053F556 /* AuthenticationState.swift */; };
		1791CA0A1EC9FD370053F556 /* AuthenticationTransition.swift in Sources */ = {isa = PBXBuildFile; fileRef = 1791CA091EC9FD370053F556 /* AuthenticationTransition.swift */; };
		1791CA101ECA40E30053F556 /* ToggleAsyncState.swift in Sources */ = {isa = PBXBuildFile; fileRef = 1791CA0F1ECA40E30053F556 /* ToggleAsyncState.swift */; };
		1791CA121ECA40ED0053F556 /* ToggleAsyncTransition.swift in Sources */ = {isa = PBXBuildFile; fileRef = 1791CA111ECA40ED0053F556 /* ToggleAsyncTransition.swift */; };
		1791CA141ECA42C70053F556 /* CounterAsyncState.swift in Sources */ = {isa = PBXBuildFile; fileRef = 1791CA131ECA42C70053F556 /* CounterAsyncState.swift */; };
		1791CA161ECA42D70053F556 /* CounterAsyncTransition.swift in Sources */ = {isa = PBXBuildFile; fileRef = 1791CA151ECA42D70053F556 /* CounterAsyncTransition.swift */; };
		1791CA201ECA66000053F556 /* Toggle.swift in Sources */ = {isa = PBXBuildFile; fileRef = 1791CA1F1ECA66000053F556 /* Toggle.swift */; };
		17DF36341EC762ED0085D152 /* Province.h in Headers */ = {isa = PBXBuildFile; fileRef = 17DF36321EC762ED0085D152 /* Province.h */; settings = {ATTRIBUTES = (Public, ); }; };
		17DF363B1EC763000085D152 /* State.swift in Sources */ = {isa = PBXBuildFile; fileRef = 17DF363A1EC763000085D152 /* State.swift */; };
		17DF36421EC78A4C0085D152 /* SwiftTask.framework in Frameworks */ = {isa = PBXBuildFile; fileRef = 17DF36401EC78A4C0085D152 /* SwiftTask.framework */; };
		17DF364A1EC79FF70085D152 /* AppDelegate.swift in Sources */ = {isa = PBXBuildFile; fileRef = 17DF36491EC79FF70085D152 /* AppDelegate.swift */; };
		17DF364C1EC79FF70085D152 /* ExampleViewController.swift in Sources */ = {isa = PBXBuildFile; fileRef = 17DF364B1EC79FF70085D152 /* ExampleViewController.swift */; };
		17DF364F1EC79FF70085D152 /* Main.storyboard in Resources */ = {isa = PBXBuildFile; fileRef = 17DF364D1EC79FF70085D152 /* Main.storyboard */; };
		17DF36511EC79FF70085D152 /* Assets.xcassets in Resources */ = {isa = PBXBuildFile; fileRef = 17DF36501EC79FF70085D152 /* Assets.xcassets */; };
		17DF36591EC7A0A10085D152 /* Province.framework in Frameworks */ = {isa = PBXBuildFile; fileRef = 17DF362F1EC762ED0085D152 /* Province.framework */; };
		17DF365A1EC7A0A10085D152 /* Province.framework in Embed Frameworks */ = {isa = PBXBuildFile; fileRef = 17DF362F1EC762ED0085D152 /* Province.framework */; settings = {ATTRIBUTES = (CodeSignOnCopy, RemoveHeadersOnCopy, ); }; };
		17DF365F1EC7A0B00085D152 /* Mensa.framework in Frameworks */ = {isa = PBXBuildFile; fileRef = 17DF365E1EC7A0AF0085D152 /* Mensa.framework */; };
		17DF36601EC7A0B00085D152 /* Mensa.framework in Embed Frameworks */ = {isa = PBXBuildFile; fileRef = 17DF365E1EC7A0AF0085D152 /* Mensa.framework */; settings = {ATTRIBUTES = (CodeSignOnCopy, RemoveHeadersOnCopy, ); }; };
		17DF36621EC7A1100085D152 /* ExampleDataSource.swift in Sources */ = {isa = PBXBuildFile; fileRef = 17DF36611EC7A1100085D152 /* ExampleDataSource.swift */; };
		17DF36641EC7A1390085D152 /* ExampleViewControllerState.swift in Sources */ = {isa = PBXBuildFile; fileRef = 17DF36631EC7A1390085D152 /* ExampleViewControllerState.swift */; };
		17DF36661EC7B0820085D152 /* Quote.swift in Sources */ = {isa = PBXBuildFile; fileRef = 17DF36651EC7B0820085D152 /* Quote.swift */; };
		17DF36681EC7B0B40085D152 /* QuoteView.swift in Sources */ = {isa = PBXBuildFile; fileRef = 17DF36671EC7B0B40085D152 /* QuoteView.swift */; };
		17DF366A1EC7B4AB0085D152 /* QuoteViewController.swift in Sources */ = {isa = PBXBuildFile; fileRef = 17DF36691EC7B4AB0085D152 /* QuoteViewController.swift */; };
		17DF366C1EC7B5640085D152 /* QuoteView.xib in Resources */ = {isa = PBXBuildFile; fileRef = 17DF366B1EC7B5640085D152 /* QuoteView.xib */; };
		17DF366E1EC7B8D10085D152 /* Emissary.framework in Embed Frameworks */ = {isa = PBXBuildFile; fileRef = 17DF366D1EC7B8D10085D152 /* Emissary.framework */; settings = {ATTRIBUTES = (CodeSignOnCopy, RemoveHeadersOnCopy, ); }; };
		17DF36701EC7B8E50085D152 /* DunstonChecksInAPI.swift in Sources */ = {isa = PBXBuildFile; fileRef = 17DF366F1EC7B8E50085D152 /* DunstonChecksInAPI.swift */; };
		17DF36721EC7B9AB0085D152 /* DunstonChecksInAPI+Quote.swift in Sources */ = {isa = PBXBuildFile; fileRef = 17DF36711EC7B9AB0085D152 /* DunstonChecksInAPI+Quote.swift */; };
		17DF36741EC7BBE30085D152 /* QuoteList.swift in Sources */ = {isa = PBXBuildFile; fileRef = 17DF36731EC7BBE30085D152 /* QuoteList.swift */; };
		17DF36771EC7C09E0085D152 /* LoadingState.swift in Sources */ = {isa = PBXBuildFile; fileRef = 17DF36761EC7C09E0085D152 /* LoadingState.swift */; };
		17DF36791EC7C0BE0085D152 /* LoadingTransition.swift in Sources */ = {isa = PBXBuildFile; fileRef = 17DF36781EC7C0BE0085D152 /* LoadingTransition.swift */; };
		17DF36891EC8C1630085D152 /* StateHolder.swift in Sources */ = {isa = PBXBuildFile; fileRef = 17DF36881EC8C1630085D152 /* StateHolder.swift */; };
		17DF368D1EC8D4980085D152 /* Stateful.swift in Sources */ = {isa = PBXBuildFile; fileRef = 17DF368C1EC8D4980085D152 /* Stateful.swift */; };
		17DF36911EC8E2120085D152 /* CounterTransition.swift in Sources */ = {isa = PBXBuildFile; fileRef = 17DF36901EC8E2120085D152 /* CounterTransition.swift */; };
		17DF36931EC8E6D20085D152 /* CounterState.swift in Sources */ = {isa = PBXBuildFile; fileRef = 17DF36921EC8E6D20085D152 /* CounterState.swift */; };
		17DF36981EC8F7AF0085D152 /* ToggleState.swift in Sources */ = {isa = PBXBuildFile; fileRef = 17DF36971EC8F7AF0085D152 /* ToggleState.swift */; };
		17DF369A1EC8F8020085D152 /* ToggleTransition.swift in Sources */ = {isa = PBXBuildFile; fileRef = 17DF36991EC8F8020085D152 /* ToggleTransition.swift */; };
		17DF369C1EC8FE350085D152 /* DisplayStyle.swift in Sources */ = {isa = PBXBuildFile; fileRef = 17DF369B1EC8FE350085D152 /* DisplayStyle.swift */; };
/* End PBXBuildFile section */

/* Begin PBXContainerItemProxy section */
		1737A91F1ECCB188000EF42E /* PBXContainerItemProxy */ = {
			isa = PBXContainerItemProxy;
			containerPortal = 17DF36261EC762ED0085D152 /* Project object */;
			proxyType = 1;
			remoteGlobalIDString = 17DF362E1EC762ED0085D152;
			remoteInfo = Province;
		};
		17DF365B1EC7A0A10085D152 /* PBXContainerItemProxy */ = {
			isa = PBXContainerItemProxy;
			containerPortal = 17DF36261EC762ED0085D152 /* Project object */;
			proxyType = 1;
			remoteGlobalIDString = 17DF362E1EC762ED0085D152;
			remoteInfo = Province;
		};
/* End PBXContainerItemProxy section */

/* Begin PBXCopyFilesBuildPhase section */
		1737A91C1ECCB174000EF42E /* Embed Frameworks */ = {
			isa = PBXCopyFilesBuildPhase;
			buildActionMask = 2147483647;
			dstPath = "";
			dstSubfolderSpec = 10;
			files = (
				1737A91E1ECCB188000EF42E /* Province.framework in Embed Frameworks */,
				1735A84E1ECF604100152C0E /* Then.framework in Embed Frameworks */,
				1737A9171ECCB174000EF42E /* Emissary.framework in Embed Frameworks */,
				1737A9191ECCB174000EF42E /* Mensa.framework in Embed Frameworks */,
			);
			name = "Embed Frameworks";
			runOnlyForDeploymentPostprocessing = 0;
		};
		17DF365D1EC7A0A10085D152 /* Embed Frameworks */ = {
			isa = PBXCopyFilesBuildPhase;
			buildActionMask = 2147483647;
			dstPath = "";
			dstSubfolderSpec = 10;
			files = (
				17DF365A1EC7A0A10085D152 /* Province.framework in Embed Frameworks */,
				17DF366E1EC7B8D10085D152 /* Emissary.framework in Embed Frameworks */,
				17DF36601EC7A0B00085D152 /* Mensa.framework in Embed Frameworks */,
			);
			name = "Embed Frameworks";
			runOnlyForDeploymentPostprocessing = 0;
		};
/* End PBXCopyFilesBuildPhase section */

/* Begin PBXFileReference section */
		172261311ED34BE4002B51A5 /* UserTimelineFeed.swift */ = {isa = PBXFileReference; fileEncoding = 4; lastKnownFileType = sourcecode.swift; path = UserTimelineFeed.swift; sourceTree = "<group>"; };
		172261351ED35235002B51A5 /* FeedViewControllerState.swift */ = {isa = PBXFileReference; fileEncoding = 4; lastKnownFileType = sourcecode.swift; path = FeedViewControllerState.swift; sourceTree = "<group>"; };
		172261451ED39EF6002B51A5 /* SubmissionState.swift */ = {isa = PBXFileReference; fileEncoding = 4; lastKnownFileType = sourcecode.swift; path = SubmissionState.swift; sourceTree = "<group>"; };
		172261471ED3A30D002B51A5 /* SubmissionTransition.swift */ = {isa = PBXFileReference; fileEncoding = 4; lastKnownFileType = sourcecode.swift; path = SubmissionTransition.swift; sourceTree = "<group>"; };
		1735A82B1ECD0A8300152C0E /* TwitterAPI+Timeline.swift */ = {isa = PBXFileReference; fileEncoding = 4; lastKnownFileType = sourcecode.swift; path = "TwitterAPI+Timeline.swift"; sourceTree = "<group>"; };
		1735A82D1ECD0BBA00152C0E /* Tweet.swift */ = {isa = PBXFileReference; fileEncoding = 4; lastKnownFileType = sourcecode.swift; path = Tweet.swift; sourceTree = "<group>"; };
		1735A82F1ECD114F00152C0E /* TweetView.xib */ = {isa = PBXFileReference; fileEncoding = 4; lastKnownFileType = file.xib; path = TweetView.xib; sourceTree = "<group>"; };
		1735A8311ECD115700152C0E /* TweetView.swift */ = {isa = PBXFileReference; fileEncoding = 4; lastKnownFileType = sourcecode.swift; path = TweetView.swift; sourceTree = "<group>"; };
		1735A8331ECD11AF00152C0E /* User.swift */ = {isa = PBXFileReference; fileEncoding = 4; lastKnownFileType = sourcecode.swift; path = User.swift; sourceTree = "<group>"; };
		1735A8351ECD138C00152C0E /* TweetViewController.swift */ = {isa = PBXFileReference; fileEncoding = 4; lastKnownFileType = sourcecode.swift; path = TweetViewController.swift; sourceTree = "<group>"; };
		1735A83A1ECE03B400152C0E /* LoadingIndicator.swift */ = {isa = PBXFileReference; fileEncoding = 4; lastKnownFileType = sourcecode.swift; path = LoadingIndicator.swift; sourceTree = "<group>"; };
		1735A83C1ECE042100152C0E /* LoadingIndicatorView.xib */ = {isa = PBXFileReference; fileEncoding = 4; lastKnownFileType = file.xib; path = LoadingIndicatorView.xib; sourceTree = "<group>"; };
		1735A83E1ECE080300152C0E /* FeedViewController.swift */ = {isa = PBXFileReference; fileEncoding = 4; lastKnownFileType = sourcecode.swift; path = FeedViewController.swift; sourceTree = "<group>"; };
		1735A8401ECE2DCC00152C0E /* FeedLoadingState.swift */ = {isa = PBXFileReference; fileEncoding = 4; lastKnownFileType = sourcecode.swift; path = FeedLoadingState.swift; sourceTree = "<group>"; };
		1735A8421ECE2DD600152C0E /* FeedLoadingTransition.swift */ = {isa = PBXFileReference; fileEncoding = 4; lastKnownFileType = sourcecode.swift; path = FeedLoadingTransition.swift; sourceTree = "<group>"; };
		1735A8441ECE2E1F00152C0E /* FeedPosition.swift */ = {isa = PBXFileReference; fileEncoding = 4; lastKnownFileType = sourcecode.swift; path = FeedPosition.swift; sourceTree = "<group>"; };
		1735A8461ECE3B3800152C0E /* Identifiable.swift */ = {isa = PBXFileReference; fileEncoding = 4; lastKnownFileType = sourcecode.swift; path = Identifiable.swift; sourceTree = "<group>"; };
		1735A8481ECE4B9500152C0E /* ErrorList.swift */ = {isa = PBXFileReference; fileEncoding = 4; lastKnownFileType = sourcecode.swift; path = ErrorList.swift; sourceTree = "<group>"; };
		1735A84C1ECF604100152C0E /* Then.framework */ = {isa = PBXFileReference; lastKnownFileType = wrapper.framework; name = Then.framework; path = Carthage/Build/iOS/Then.framework; sourceTree = "<group>"; };
		1735A86A1ECF66B400152C0E /* TwitterError.swift */ = {isa = PBXFileReference; fileEncoding = 4; lastKnownFileType = sourcecode.swift; path = TwitterError.swift; sourceTree = "<group>"; };
		1735A86E1ECF7A1900152C0E /* Localizable.strings */ = {isa = PBXFileReference; fileEncoding = 4; lastKnownFileType = text.plist.strings; path = Localizable.strings; sourceTree = "<group>"; };
		1735A8701ECF7A5000152C0E /* Strings.swift */ = {isa = PBXFileReference; fileEncoding = 4; lastKnownFileType = sourcecode.swift; path = Strings.swift; sourceTree = "<group>"; };
		1735A8721ECF90C100152C0E /* Localizable.stringsdict */ = {isa = PBXFileReference; fileEncoding = 4; lastKnownFileType = text.plist.stringsdict; path = Localizable.stringsdict; sourceTree = "<group>"; };
		1735A8741ECF910B00152C0E /* Localizable.strings */ = {isa = PBXFileReference; fileEncoding = 4; lastKnownFileType = text.plist.strings; path = Localizable.strings; sourceTree = "<group>"; };
		1735A8761ECF961F00152C0E /* TweetViewControllerState.swift */ = {isa = PBXFileReference; fileEncoding = 4; lastKnownFileType = sourcecode.swift; path = TweetViewControllerState.swift; sourceTree = "<group>"; };
		1735A8781ECF96AB00152C0E /* Strings.swift */ = {isa = PBXFileReference; fileEncoding = 4; lastKnownFileType = sourcecode.swift; path = Strings.swift; sourceTree = "<group>"; };
		1735A87A1ECFA09F00152C0E /* TwitterAPI+Like.swift */ = {isa = PBXFileReference; fileEncoding = 4; lastKnownFileType = sourcecode.swift; path = "TwitterAPI+Like.swift"; sourceTree = "<group>"; };
		1735A87C1ECFABA600152C0E /* LikeButton.swift */ = {isa = PBXFileReference; fileEncoding = 4; lastKnownFileType = sourcecode.swift; path = LikeButton.swift; sourceTree = "<group>"; };
		1737A9041ECCB12F000EF42E /* TwitterClient.app */ = {isa = PBXFileReference; explicitFileType = wrapper.application; includeInIndex = 0; path = TwitterClient.app; sourceTree = BUILT_PRODUCTS_DIR; };
		1737A9061ECCB12F000EF42E /* AppDelegate.swift */ = {isa = PBXFileReference; lastKnownFileType = sourcecode.swift; path = AppDelegate.swift; sourceTree = "<group>"; };
		1737A9081ECCB12F000EF42E /* HomeTimelineViewController.swift */ = {isa = PBXFileReference; lastKnownFileType = sourcecode.swift; path = HomeTimelineViewController.swift; sourceTree = "<group>"; };
		1737A90B1ECCB12F000EF42E /* Base */ = {isa = PBXFileReference; lastKnownFileType = file.storyboard; name = Base; path = Base.lproj/Main.storyboard; sourceTree = "<group>"; };
		1737A90D1ECCB12F000EF42E /* Assets.xcassets */ = {isa = PBXFileReference; lastKnownFileType = folder.assetcatalog; path = Assets.xcassets; sourceTree = "<group>"; };
		1737A9121ECCB12F000EF42E /* Info.plist */ = {isa = PBXFileReference; lastKnownFileType = text.plist.xml; path = Info.plist; sourceTree = "<group>"; };
		1737A9251ECCB449000EF42E /* HomeTimelineFeed.swift */ = {isa = PBXFileReference; fileEncoding = 4; lastKnownFileType = sourcecode.swift; path = HomeTimelineFeed.swift; sourceTree = "<group>"; };
		1737A9281ECCB462000EF42E /* Feed.swift */ = {isa = PBXFileReference; fileEncoding = 4; lastKnownFileType = sourcecode.swift; path = Feed.swift; sourceTree = "<group>"; };
		1737A92A1ECCBA07000EF42E /* TwitterAPI.swift */ = {isa = PBXFileReference; fileEncoding = 4; lastKnownFileType = sourcecode.swift; path = TwitterAPI.swift; sourceTree = "<group>"; };
		1737A92E1ECCC5E6000EF42E /* Session.swift */ = {isa = PBXFileReference; fileEncoding = 4; lastKnownFileType = sourcecode.swift; path = Session.swift; sourceTree = "<group>"; };
		1737A9301ECCC6EE000EF42E /* TwitterSession.swift */ = {isa = PBXFileReference; fileEncoding = 4; lastKnownFileType = sourcecode.swift; path = TwitterSession.swift; sourceTree = "<group>"; };
		1791AC171ED2A4A500A1481A /* UserTimelineViewController.swift */ = {isa = PBXFileReference; fileEncoding = 4; lastKnownFileType = sourcecode.swift; path = UserTimelineViewController.swift; sourceTree = "<group>"; };
		1791AC1B1ED2A4FD00A1481A /* TimelineFeed.swift */ = {isa = PBXFileReference; fileEncoding = 4; lastKnownFileType = sourcecode.swift; path = TimelineFeed.swift; sourceTree = "<group>"; };
		1791CA071EC9FD300053F556 /* AuthenticationState.swift */ = {isa = PBXFileReference; fileEncoding = 4; lastKnownFileType = sourcecode.swift; path = AuthenticationState.swift; sourceTree = "<group>"; };
		1791CA091EC9FD370053F556 /* AuthenticationTransition.swift */ = {isa = PBXFileReference; fileEncoding = 4; lastKnownFileType = sourcecode.swift; path = AuthenticationTransition.swift; sourceTree = "<group>"; };
		1791CA0F1ECA40E30053F556 /* ToggleAsyncState.swift */ = {isa = PBXFileReference; fileEncoding = 4; lastKnownFileType = sourcecode.swift; path = ToggleAsyncState.swift; sourceTree = "<group>"; };
		1791CA111ECA40ED0053F556 /* ToggleAsyncTransition.swift */ = {isa = PBXFileReference; fileEncoding = 4; lastKnownFileType = sourcecode.swift; path = ToggleAsyncTransition.swift; sourceTree = "<group>"; };
		1791CA131ECA42C70053F556 /* CounterAsyncState.swift */ = {isa = PBXFileReference; fileEncoding = 4; lastKnownFileType = sourcecode.swift; path = CounterAsyncState.swift; sourceTree = "<group>"; };
		1791CA151ECA42D70053F556 /* CounterAsyncTransition.swift */ = {isa = PBXFileReference; fileEncoding = 4; lastKnownFileType = sourcecode.swift; path = CounterAsyncTransition.swift; sourceTree = "<group>"; };
		1791CA1F1ECA66000053F556 /* Toggle.swift */ = {isa = PBXFileReference; fileEncoding = 4; lastKnownFileType = sourcecode.swift; path = Toggle.swift; sourceTree = "<group>"; };
		17DF362F1EC762ED0085D152 /* Province.framework */ = {isa = PBXFileReference; explicitFileType = wrapper.framework; includeInIndex = 0; path = Province.framework; sourceTree = BUILT_PRODUCTS_DIR; };
		17DF36321EC762ED0085D152 /* Province.h */ = {isa = PBXFileReference; lastKnownFileType = sourcecode.c.h; name = Province.h; path = Province/Province.h; sourceTree = "<group>"; };
		17DF36331EC762ED0085D152 /* Info.plist */ = {isa = PBXFileReference; lastKnownFileType = text.plist.xml; name = Info.plist; path = Province/Info.plist; sourceTree = "<group>"; };
		17DF363A1EC763000085D152 /* State.swift */ = {isa = PBXFileReference; fileEncoding = 4; lastKnownFileType = sourcecode.swift; path = State.swift; sourceTree = "<group>"; };
		17DF36401EC78A4C0085D152 /* SwiftTask.framework */ = {isa = PBXFileReference; lastKnownFileType = wrapper.framework; name = SwiftTask.framework; path = Carthage/Build/iOS/SwiftTask.framework; sourceTree = "<group>"; };
		17DF36471EC79FF70085D152 /* ProvinceExample.app */ = {isa = PBXFileReference; explicitFileType = wrapper.application; includeInIndex = 0; path = ProvinceExample.app; sourceTree = BUILT_PRODUCTS_DIR; };
		17DF36491EC79FF70085D152 /* AppDelegate.swift */ = {isa = PBXFileReference; lastKnownFileType = sourcecode.swift; path = AppDelegate.swift; sourceTree = "<group>"; };
		17DF364B1EC79FF70085D152 /* ExampleViewController.swift */ = {isa = PBXFileReference; lastKnownFileType = sourcecode.swift; path = ExampleViewController.swift; sourceTree = "<group>"; };
		17DF364E1EC79FF70085D152 /* Base */ = {isa = PBXFileReference; lastKnownFileType = file.storyboard; name = Base; path = Base.lproj/Main.storyboard; sourceTree = "<group>"; };
		17DF36501EC79FF70085D152 /* Assets.xcassets */ = {isa = PBXFileReference; lastKnownFileType = folder.assetcatalog; path = Assets.xcassets; sourceTree = "<group>"; };
		17DF36551EC79FF70085D152 /* Info.plist */ = {isa = PBXFileReference; lastKnownFileType = text.plist.xml; path = Info.plist; sourceTree = "<group>"; };
		17DF365E1EC7A0AF0085D152 /* Mensa.framework */ = {isa = PBXFileReference; lastKnownFileType = wrapper.framework; name = Mensa.framework; path = Carthage/Build/iOS/Mensa.framework; sourceTree = "<group>"; };
		17DF36611EC7A1100085D152 /* ExampleDataSource.swift */ = {isa = PBXFileReference; fileEncoding = 4; lastKnownFileType = sourcecode.swift; path = ExampleDataSource.swift; sourceTree = "<group>"; };
		17DF36631EC7A1390085D152 /* ExampleViewControllerState.swift */ = {isa = PBXFileReference; fileEncoding = 4; lastKnownFileType = sourcecode.swift; path = ExampleViewControllerState.swift; sourceTree = "<group>"; };
		17DF36651EC7B0820085D152 /* Quote.swift */ = {isa = PBXFileReference; fileEncoding = 4; lastKnownFileType = sourcecode.swift; path = Quote.swift; sourceTree = "<group>"; };
		17DF36671EC7B0B40085D152 /* QuoteView.swift */ = {isa = PBXFileReference; fileEncoding = 4; lastKnownFileType = sourcecode.swift; path = QuoteView.swift; sourceTree = "<group>"; };
		17DF36691EC7B4AB0085D152 /* QuoteViewController.swift */ = {isa = PBXFileReference; fileEncoding = 4; lastKnownFileType = sourcecode.swift; path = QuoteViewController.swift; sourceTree = "<group>"; };
		17DF366B1EC7B5640085D152 /* QuoteView.xib */ = {isa = PBXFileReference; fileEncoding = 4; lastKnownFileType = file.xib; path = QuoteView.xib; sourceTree = "<group>"; };
		17DF366D1EC7B8D10085D152 /* Emissary.framework */ = {isa = PBXFileReference; lastKnownFileType = wrapper.framework; name = Emissary.framework; path = Carthage/Build/iOS/Emissary.framework; sourceTree = "<group>"; };
		17DF366F1EC7B8E50085D152 /* DunstonChecksInAPI.swift */ = {isa = PBXFileReference; fileEncoding = 4; lastKnownFileType = sourcecode.swift; path = DunstonChecksInAPI.swift; sourceTree = "<group>"; };
		17DF36711EC7B9AB0085D152 /* DunstonChecksInAPI+Quote.swift */ = {isa = PBXFileReference; fileEncoding = 4; lastKnownFileType = sourcecode.swift; path = "DunstonChecksInAPI+Quote.swift"; sourceTree = "<group>"; };
		17DF36731EC7BBE30085D152 /* QuoteList.swift */ = {isa = PBXFileReference; fileEncoding = 4; lastKnownFileType = sourcecode.swift; path = QuoteList.swift; sourceTree = "<group>"; };
		17DF36761EC7C09E0085D152 /* LoadingState.swift */ = {isa = PBXFileReference; fileEncoding = 4; lastKnownFileType = sourcecode.swift; path = LoadingState.swift; sourceTree = "<group>"; };
		17DF36781EC7C0BE0085D152 /* LoadingTransition.swift */ = {isa = PBXFileReference; fileEncoding = 4; lastKnownFileType = sourcecode.swift; path = LoadingTransition.swift; sourceTree = "<group>"; };
		17DF36881EC8C1630085D152 /* StateHolder.swift */ = {isa = PBXFileReference; fileEncoding = 4; lastKnownFileType = sourcecode.swift; path = StateHolder.swift; sourceTree = "<group>"; };
		17DF368C1EC8D4980085D152 /* Stateful.swift */ = {isa = PBXFileReference; fileEncoding = 4; lastKnownFileType = sourcecode.swift; path = Stateful.swift; sourceTree = "<group>"; };
		17DF36901EC8E2120085D152 /* CounterTransition.swift */ = {isa = PBXFileReference; fileEncoding = 4; lastKnownFileType = sourcecode.swift; path = CounterTransition.swift; sourceTree = "<group>"; };
		17DF36921EC8E6D20085D152 /* CounterState.swift */ = {isa = PBXFileReference; fileEncoding = 4; lastKnownFileType = sourcecode.swift; path = CounterState.swift; sourceTree = "<group>"; };
		17DF36971EC8F7AF0085D152 /* ToggleState.swift */ = {isa = PBXFileReference; fileEncoding = 4; lastKnownFileType = sourcecode.swift; path = ToggleState.swift; sourceTree = "<group>"; };
		17DF36991EC8F8020085D152 /* ToggleTransition.swift */ = {isa = PBXFileReference; fileEncoding = 4; lastKnownFileType = sourcecode.swift; path = ToggleTransition.swift; sourceTree = "<group>"; };
		17DF369B1EC8FE350085D152 /* DisplayStyle.swift */ = {isa = PBXFileReference; fileEncoding = 4; lastKnownFileType = sourcecode.swift; path = DisplayStyle.swift; sourceTree = "<group>"; };
/* End PBXFileReference section */

/* Begin PBXFrameworksBuildPhase section */
		1737A9011ECCB12F000EF42E /* Frameworks */ = {
			isa = PBXFrameworksBuildPhase;
			buildActionMask = 2147483647;
			files = (
				1737A91D1ECCB188000EF42E /* Province.framework in Frameworks */,
				1735A84D1ECF604100152C0E /* Then.framework in Frameworks */,
				1737A9161ECCB174000EF42E /* Emissary.framework in Frameworks */,
				1737A9181ECCB174000EF42E /* Mensa.framework in Frameworks */,
			);
			runOnlyForDeploymentPostprocessing = 0;
		};
		17DF362B1EC762ED0085D152 /* Frameworks */ = {
			isa = PBXFrameworksBuildPhase;
			buildActionMask = 2147483647;
			files = (
				17DF36421EC78A4C0085D152 /* SwiftTask.framework in Frameworks */,
			);
			runOnlyForDeploymentPostprocessing = 0;
		};
		17DF36441EC79FF70085D152 /* Frameworks */ = {
			isa = PBXFrameworksBuildPhase;
			buildActionMask = 2147483647;
			files = (
				17DF36591EC7A0A10085D152 /* Province.framework in Frameworks */,
				1737A9211ECCB1A2000EF42E /* Emissary.framework in Frameworks */,
				17DF365F1EC7A0B00085D152 /* Mensa.framework in Frameworks */,
			);
			runOnlyForDeploymentPostprocessing = 0;
		};
/* End PBXFrameworksBuildPhase section */

/* Begin PBXGroup section */
		172261391ED3775E002B51A5 /* App */ = {
			isa = PBXGroup;
			children = (
				1737A9061ECCB12F000EF42E /* AppDelegate.swift */,
				1791AC1B1ED2A4FD00A1481A /* TimelineFeed.swift */,
				1735A86A1ECF66B400152C0E /* TwitterError.swift */,
				1737A9301ECCC6EE000EF42E /* TwitterSession.swift */,
			);
			name = App;
			sourceTree = "<group>";
		};
		1722613A1ED37776002B51A5 /* API */ = {
			isa = PBXGroup;
			children = (
				1737A92A1ECCBA07000EF42E /* TwitterAPI.swift */,
				1735A87A1ECFA09F00152C0E /* TwitterAPI+Like.swift */,
				1735A82B1ECD0A8300152C0E /* TwitterAPI+Timeline.swift */,
			);
			name = API;
			sourceTree = "<group>";
		};
		1722613C1ED37788002B51A5 /* UI */ = {
			isa = PBXGroup;
			children = (
				1735A83E1ECE080300152C0E /* FeedViewController.swift */,
				1735A87C1ECFABA600152C0E /* LikeButton.swift */,
				1735A83A1ECE03B400152C0E /* LoadingIndicator.swift */,
				1735A83C1ECE042100152C0E /* LoadingIndicatorView.xib */,
			);
			name = UI;
			sourceTree = "<group>";
		};
		1722613D1ED37792002B51A5 /* Entities */ = {
			isa = PBXGroup;
			children = (
				1722613F1ED377A5002B51A5 /* Error */,
				1722613E1ED37796002B51A5 /* Tweet */,
				172261401ED377AB002B51A5 /* User */,
			);
			name = Entities;
			sourceTree = "<group>";
		};
		1722613E1ED37796002B51A5 /* Tweet */ = {
			isa = PBXGroup;
			children = (
				1735A82D1ECD0BBA00152C0E /* Tweet.swift */,
				1735A8311ECD115700152C0E /* TweetView.swift */,
				1735A82F1ECD114F00152C0E /* TweetView.xib */,
				1735A8351ECD138C00152C0E /* TweetViewController.swift */,
				1735A8761ECF961F00152C0E /* TweetViewControllerState.swift */,
			);
			name = Tweet;
			sourceTree = "<group>";
		};
		1722613F1ED377A5002B51A5 /* Error */ = {
			isa = PBXGroup;
			children = (
				1735A8481ECE4B9500152C0E /* ErrorList.swift */,
			);
			name = Error;
			sourceTree = "<group>";
		};
		172261401ED377AB002B51A5 /* User */ = {
			isa = PBXGroup;
			children = (
				1735A8331ECD11AF00152C0E /* User.swift */,
				172261311ED34BE4002B51A5 /* UserTimelineFeed.swift */,
				1791AC171ED2A4A500A1481A /* UserTimelineViewController.swift */,
			);
			name = User;
			sourceTree = "<group>";
		};
		172261411ED377CE002B51A5 /* Resources */ = {
			isa = PBXGroup;
			children = (
				1737A90D1ECCB12F000EF42E /* Assets.xcassets */,
				1735A86E1ECF7A1900152C0E /* Localizable.strings */,
				1737A90A1ECCB12F000EF42E /* Main.storyboard */,
				1737A9121ECCB12F000EF42E /* Info.plist */,
				1735A8701ECF7A5000152C0E /* Strings.swift */,
			);
			name = Resources;
			sourceTree = "<group>";
		};
		172261431ED37863002B51A5 /* Components */ = {
			isa = PBXGroup;
			children = (
				172261441ED3786A002B51A5 /* Home */,
			);
			name = Components;
			sourceTree = "<group>";
		};
		172261441ED3786A002B51A5 /* Home */ = {
			isa = PBXGroup;
			children = (
				1737A9251ECCB449000EF42E /* HomeTimelineFeed.swift */,
				1737A9081ECCB12F000EF42E /* HomeTimelineViewController.swift */,
			);
			name = Home;
			sourceTree = "<group>";
		};
		1737A9051ECCB12F000EF42E /* TwitterClient */ = {
			isa = PBXGroup;
			children = (
				1722613A1ED37776002B51A5 /* API */,
				172261391ED3775E002B51A5 /* App */,
				172261431ED37863002B51A5 /* Components */,
				1722613D1ED37792002B51A5 /* Entities */,
				1722613C1ED37788002B51A5 /* UI */,
				172261411ED377CE002B51A5 /* Resources */,
			);
			path = TwitterClient;
			sourceTree = "<group>";
		};
		1737A9271ECCB457000EF42E /* Feed */ = {
			isa = PBXGroup;
			children = (
				1737A9281ECCB462000EF42E /* Feed.swift */,
				1735A8441ECE2E1F00152C0E /* FeedPosition.swift */,
				1735A8401ECE2DCC00152C0E /* FeedLoadingState.swift */,
				1735A8421ECE2DD600152C0E /* FeedLoadingTransition.swift */,
				172261351ED35235002B51A5 /* FeedViewControllerState.swift */,
				1735A8461ECE3B3800152C0E /* Identifiable.swift */,
			);
			name = Feed;
			sourceTree = "<group>";
		};
		17DF36251EC762ED0085D152 = {
			isa = PBXGroup;
			children = (
				17DF36311EC762ED0085D152 /* Province */,
				17DF36481EC79FF70085D152 /* ProvinceExample */,
				1737A9051ECCB12F000EF42E /* TwitterClient */,
				17DF36301EC762ED0085D152 /* Products */,
				17DF363E1EC78A4C0085D152 /* Frameworks */,
			);
			sourceTree = "<group>";
		};
		17DF36301EC762ED0085D152 /* Products */ = {
			isa = PBXGroup;
			children = (
				17DF362F1EC762ED0085D152 /* Province.framework */,
				17DF36471EC79FF70085D152 /* ProvinceExample.app */,
				1737A9041ECCB12F000EF42E /* TwitterClient.app */,
			);
			name = Products;
			sourceTree = "<group>";
		};
		17DF36311EC762ED0085D152 /* Province */ = {
			isa = PBXGroup;
			children = (
				17DF36951EC8F7710085D152 /* State */,
				17DF36961EC8F7810085D152 /* Primitives */,
				17DF36941EC8F7360085D152 /* Resources */,
			);
			path = Province;
			sourceTree = "<group>";
		};
		17DF363E1EC78A4C0085D152 /* Frameworks */ = {
			isa = PBXGroup;
			children = (
				1735A84C1ECF604100152C0E /* Then.framework */,
				17DF366D1EC7B8D10085D152 /* Emissary.framework */,
				17DF365E1EC7A0AF0085D152 /* Mensa.framework */,
				17DF36401EC78A4C0085D152 /* SwiftTask.framework */,
			);
			name = Frameworks;
			sourceTree = "<group>";
		};
		17DF36481EC79FF70085D152 /* ProvinceExample */ = {
			isa = PBXGroup;
			children = (
				17DF36491EC79FF70085D152 /* AppDelegate.swift */,
				17DF369B1EC8FE350085D152 /* DisplayStyle.swift */,
				17DF366F1EC7B8E50085D152 /* DunstonChecksInAPI.swift */,
				17DF36711EC7B9AB0085D152 /* DunstonChecksInAPI+Quote.swift */,
				17DF36611EC7A1100085D152 /* ExampleDataSource.swift */,
				17DF364B1EC79FF70085D152 /* ExampleViewController.swift */,
				17DF36631EC7A1390085D152 /* ExampleViewControllerState.swift */,
				17DF36651EC7B0820085D152 /* Quote.swift */,
				17DF36731EC7BBE30085D152 /* QuoteList.swift */,
				17DF36671EC7B0B40085D152 /* QuoteView.swift */,
				17DF366B1EC7B5640085D152 /* QuoteView.xib */,
				17DF36691EC7B4AB0085D152 /* QuoteViewController.swift */,
				1735A8781ECF96AB00152C0E /* Strings.swift */,
				17DF36501EC79FF70085D152 /* Assets.xcassets */,
				17DF364D1EC79FF70085D152 /* Main.storyboard */,
				17DF36551EC79FF70085D152 /* Info.plist */,
				1735A8741ECF910B00152C0E /* Localizable.strings */,
				1735A8721ECF90C100152C0E /* Localizable.stringsdict */,
			);
			path = ProvinceExample;
			sourceTree = "<group>";
		};
		17DF36941EC8F7360085D152 /* Resources */ = {
			isa = PBXGroup;
			children = (
				17DF36321EC762ED0085D152 /* Province.h */,
				17DF36331EC762ED0085D152 /* Info.plist */,
			);
			name = Resources;
			path = ..;
			sourceTree = "<group>";
		};
		17DF36951EC8F7710085D152 /* State */ = {
			isa = PBXGroup;
			children = (
				17DF363A1EC763000085D152 /* State.swift */,
				17DF368C1EC8D4980085D152 /* Stateful.swift */,
				17DF36881EC8C1630085D152 /* StateHolder.swift */,
			);
			name = State;
			sourceTree = "<group>";
		};
		17DF36961EC8F7810085D152 /* Primitives */ = {
			isa = PBXGroup;
			children = (
				17DF36A01ECB54570085D152 /* Authentication */,
				17DF369F1ECB540A0085D152 /* Counter */,
				1737A9271ECCB457000EF42E /* Feed */,
				17DF369D1ECB53C10085D152 /* Resource */,
				17DF369E1ECB54010085D152 /* Toggle */,
			);
			name = Primitives;
			sourceTree = "<group>";
		};
		17DF369D1ECB53C10085D152 /* Resource */ = {
			isa = PBXGroup;
			children = (
				17DF36761EC7C09E0085D152 /* LoadingState.swift */,
				17DF36781EC7C0BE0085D152 /* LoadingTransition.swift */,
				172261451ED39EF6002B51A5 /* SubmissionState.swift */,
				172261471ED3A30D002B51A5 /* SubmissionTransition.swift */,
			);
			name = Resource;
			sourceTree = "<group>";
		};
		17DF369E1ECB54010085D152 /* Toggle */ = {
			isa = PBXGroup;
			children = (
				1791CA1F1ECA66000053F556 /* Toggle.swift */,
				1791CA0F1ECA40E30053F556 /* ToggleAsyncState.swift */,
				1791CA111ECA40ED0053F556 /* ToggleAsyncTransition.swift */,
				17DF36971EC8F7AF0085D152 /* ToggleState.swift */,
				17DF36991EC8F8020085D152 /* ToggleTransition.swift */,
			);
			name = Toggle;
			sourceTree = "<group>";
		};
		17DF369F1ECB540A0085D152 /* Counter */ = {
			isa = PBXGroup;
			children = (
				1791CA131ECA42C70053F556 /* CounterAsyncState.swift */,
				1791CA151ECA42D70053F556 /* CounterAsyncTransition.swift */,
				17DF36921EC8E6D20085D152 /* CounterState.swift */,
				17DF36901EC8E2120085D152 /* CounterTransition.swift */,
			);
			name = Counter;
			sourceTree = "<group>";
		};
		17DF36A01ECB54570085D152 /* Authentication */ = {
			isa = PBXGroup;
			children = (
				1791CA071EC9FD300053F556 /* AuthenticationState.swift */,
				1791CA091EC9FD370053F556 /* AuthenticationTransition.swift */,
				1737A92E1ECCC5E6000EF42E /* Session.swift */,
			);
			name = Authentication;
			sourceTree = "<group>";
		};
/* End PBXGroup section */

/* Begin PBXHeadersBuildPhase section */
		17DF362C1EC762ED0085D152 /* Headers */ = {
			isa = PBXHeadersBuildPhase;
			buildActionMask = 2147483647;
			files = (
				17DF36341EC762ED0085D152 /* Province.h in Headers */,
			);
			runOnlyForDeploymentPostprocessing = 0;
		};
/* End PBXHeadersBuildPhase section */

/* Begin PBXNativeTarget section */
		1737A9031ECCB12F000EF42E /* TwitterClient */ = {
			isa = PBXNativeTarget;
			buildConfigurationList = 1737A9151ECCB12F000EF42E /* Build configuration list for PBXNativeTarget "TwitterClient" */;
			buildPhases = (
				1737A9001ECCB12F000EF42E /* Sources */,
				1737A9011ECCB12F000EF42E /* Frameworks */,
				1737A9021ECCB12F000EF42E /* Resources */,
				1737A9221ECCB1B5000EF42E /* ShellScript */,
				1737A91C1ECCB174000EF42E /* Embed Frameworks */,
			);
			buildRules = (
			);
			dependencies = (
				1737A9201ECCB188000EF42E /* PBXTargetDependency */,
			);
			name = TwitterClient;
			productName = TwitterClient;
			productReference = 1737A9041ECCB12F000EF42E /* TwitterClient.app */;
			productType = "com.apple.product-type.application";
		};
		17DF362E1EC762ED0085D152 /* Province */ = {
			isa = PBXNativeTarget;
			buildConfigurationList = 17DF36371EC762ED0085D152 /* Build configuration list for PBXNativeTarget "Province" */;
			buildPhases = (
				17DF362A1EC762ED0085D152 /* Sources */,
				17DF362B1EC762ED0085D152 /* Frameworks */,
				17DF362C1EC762ED0085D152 /* Headers */,
				17DF362D1EC762ED0085D152 /* Resources */,
			);
			buildRules = (
			);
			dependencies = (
			);
			name = Province;
			productName = Province;
			productReference = 17DF362F1EC762ED0085D152 /* Province.framework */;
			productType = "com.apple.product-type.framework";
		};
		17DF36461EC79FF70085D152 /* ProvinceExample */ = {
			isa = PBXNativeTarget;
			buildConfigurationList = 17DF36561EC79FF70085D152 /* Build configuration list for PBXNativeTarget "ProvinceExample" */;
			buildPhases = (
				17DF36431EC79FF70085D152 /* Sources */,
				17DF36441EC79FF70085D152 /* Frameworks */,
				17DF36451EC79FF70085D152 /* Resources */,
				17DF36751EC7BD8C0085D152 /* ShellScript */,
				17DF365D1EC7A0A10085D152 /* Embed Frameworks */,
			);
			buildRules = (
			);
			dependencies = (
				17DF365C1EC7A0A10085D152 /* PBXTargetDependency */,
			);
			name = ProvinceExample;
			productName = ProvinceExample;
			productReference = 17DF36471EC79FF70085D152 /* ProvinceExample.app */;
			productType = "com.apple.product-type.application";
		};
/* End PBXNativeTarget section */

/* Begin PBXProject section */
		17DF36261EC762ED0085D152 /* Project object */ = {
			isa = PBXProject;
			attributes = {
				LastSwiftUpdateCheck = 0830;
				LastUpgradeCheck = 0830;
				ORGANIZATIONNAME = Squareknot;
				TargetAttributes = {
					1737A9031ECCB12F000EF42E = {
						CreatedOnToolsVersion = 8.3.2;
						DevelopmentTeam = 5BJ5JFAS37;
						ProvisioningStyle = Automatic;
					};
					17DF362E1EC762ED0085D152 = {
						CreatedOnToolsVersion = 8.3.2;
						DevelopmentTeam = 5BJ5JFAS37;
						LastSwiftMigration = 0830;
						ProvisioningStyle = Automatic;
					};
					17DF36461EC79FF70085D152 = {
						CreatedOnToolsVersion = 8.3.2;
						DevelopmentTeam = 5BJ5JFAS37;
						ProvisioningStyle = Automatic;
					};
				};
			};
			buildConfigurationList = 17DF36291EC762ED0085D152 /* Build configuration list for PBXProject "Province" */;
			compatibilityVersion = "Xcode 3.2";
			developmentRegion = English;
			hasScannedForEncodings = 0;
			knownRegions = (
				en,
				Base,
			);
			mainGroup = 17DF36251EC762ED0085D152;
			productRefGroup = 17DF36301EC762ED0085D152 /* Products */;
			projectDirPath = "";
			projectRoot = "";
			targets = (
				17DF362E1EC762ED0085D152 /* Province */,
				17DF36461EC79FF70085D152 /* ProvinceExample */,
				1737A9031ECCB12F000EF42E /* TwitterClient */,
			);
		};
/* End PBXProject section */

/* Begin PBXResourcesBuildPhase section */
		1737A9021ECCB12F000EF42E /* Resources */ = {
			isa = PBXResourcesBuildPhase;
			buildActionMask = 2147483647;
			files = (
				1735A86F1ECF7A1900152C0E /* Localizable.strings in Resources */,
				1737A90E1ECCB12F000EF42E /* Assets.xcassets in Resources */,
				1735A8301ECD114F00152C0E /* TweetView.xib in Resources */,
				1737A90C1ECCB12F000EF42E /* Main.storyboard in Resources */,
				1735A83D1ECE042100152C0E /* LoadingIndicatorView.xib in Resources */,
			);
			runOnlyForDeploymentPostprocessing = 0;
		};
		17DF362D1EC762ED0085D152 /* Resources */ = {
			isa = PBXResourcesBuildPhase;
			buildActionMask = 2147483647;
			files = (
			);
			runOnlyForDeploymentPostprocessing = 0;
		};
		17DF36451EC79FF70085D152 /* Resources */ = {
			isa = PBXResourcesBuildPhase;
			buildActionMask = 2147483647;
			files = (
				1735A8751ECF910B00152C0E /* Localizable.strings in Resources */,
				17DF366C1EC7B5640085D152 /* QuoteView.xib in Resources */,
				1735A8731ECF90C100152C0E /* Localizable.stringsdict in Resources */,
				17DF36511EC79FF70085D152 /* Assets.xcassets in Resources */,
				17DF364F1EC79FF70085D152 /* Main.storyboard in Resources */,
			);
			runOnlyForDeploymentPostprocessing = 0;
		};
/* End PBXResourcesBuildPhase section */

/* Begin PBXShellScriptBuildPhase section */
		1737A9221ECCB1B5000EF42E /* ShellScript */ = {
			isa = PBXShellScriptBuildPhase;
			buildActionMask = 2147483647;
			files = (
			);
			inputPaths = (
				"$(SRCROOT)/Carthage/Build/iOS/Emissary.framework",
				"$(SRCROOT)/Carthage/Build/iOS/SwiftTask.framework",
				"$(SRCROOT)/Carthage/Build/iOS/Decodable.framework",
				"$(SRCROOT)/Carthage/Build/iOS/Cache.framework",
				"$(SRCROOT)/Carthage/Build/iOS/SwiftKeychainWrapper.framework",
				"$(SRCROOT)/Carthage/Build/iOS/Then.framework",
				"$(SRCROOT)/Carthage/Build/iOS/Klaxon.framework",
			);
			outputPaths = (
			);
			runOnlyForDeploymentPostprocessing = 0;
			shellPath = /bin/sh;
			shellScript = "/usr/local/bin/carthage copy-frameworks";
		};
		17DF36751EC7BD8C0085D152 /* ShellScript */ = {
			isa = PBXShellScriptBuildPhase;
			buildActionMask = 12;
			files = (
			);
			inputPaths = (
				"$(SRCROOT)/Carthage/Build/iOS/Emissary.framework",
				"$(SRCROOT)/Carthage/Build/iOS/SwiftTask.framework",
				"$(SRCROOT)/Carthage/Build/iOS/Decodable.framework",
				"$(SRCROOT)/Carthage/Build/iOS/Cache.framework",
				"$(SRCROOT)/Carthage/Build/iOS/SwiftKeychainWrapper.framework",
			);
			outputPaths = (
			);
			runOnlyForDeploymentPostprocessing = 0;
			shellPath = /bin/sh;
			shellScript = "/usr/local/bin/carthage copy-frameworks";
		};
/* End PBXShellScriptBuildPhase section */

/* Begin PBXSourcesBuildPhase section */
		1737A9001ECCB12F000EF42E /* Sources */ = {
			isa = PBXSourcesBuildPhase;
			buildActionMask = 2147483647;
			files = (
				1735A86B1ECF66B400152C0E /* TwitterError.swift in Sources */,
				1735A83B1ECE03B400152C0E /* LoadingIndicator.swift in Sources */,
				1735A8711ECF7A5000152C0E /* Strings.swift in Sources */,
				1737A9261ECCB449000EF42E /* HomeTimelineFeed.swift in Sources */,
				1735A87D1ECFABA600152C0E /* LikeButton.swift in Sources */,
				1737A9091ECCB12F000EF42E /* HomeTimelineViewController.swift in Sources */,
				1737A9311ECCC6EE000EF42E /* TwitterSession.swift in Sources */,
				1735A8361ECD138C00152C0E /* TweetViewController.swift in Sources */,
				1737A9071ECCB12F000EF42E /* AppDelegate.swift in Sources */,
				172261321ED34BE4002B51A5 /* UserTimelineFeed.swift in Sources */,
				1737A92B1ECCBA07000EF42E /* TwitterAPI.swift in Sources */,
				1735A82C1ECD0A8300152C0E /* TwitterAPI+Timeline.swift in Sources */,
				1791AC181ED2A4A600A1481A /* UserTimelineViewController.swift in Sources */,
				1735A8321ECD115700152C0E /* TweetView.swift in Sources */,
				1735A8771ECF961F00152C0E /* TweetViewControllerState.swift in Sources */,
				1735A8341ECD11AF00152C0E /* User.swift in Sources */,
				1791AC1C1ED2A4FD00A1481A /* TimelineFeed.swift in Sources */,
				1735A83F1ECE080300152C0E /* FeedViewController.swift in Sources */,
				1735A87B1ECFA09F00152C0E /* TwitterAPI+Like.swift in Sources */,
				1735A8491ECE4B9500152C0E /* ErrorList.swift in Sources */,
				1735A82E1ECD0BBA00152C0E /* Tweet.swift in Sources */,
			);
			runOnlyForDeploymentPostprocessing = 0;
		};
		17DF362A1EC762ED0085D152 /* Sources */ = {
			isa = PBXSourcesBuildPhase;
			buildActionMask = 2147483647;
			files = (
				1735A8411ECE2DCC00152C0E /* FeedLoadingState.swift in Sources */,
				1791CA161ECA42D70053F556 /* CounterAsyncTransition.swift in Sources */,
				17DF36771EC7C09E0085D152 /* LoadingState.swift in Sources */,
				17DF368D1EC8D4980085D152 /* Stateful.swift in Sources */,
				17DF36891EC8C1630085D152 /* StateHolder.swift in Sources */,
				1735A8451ECE2E1F00152C0E /* FeedPosition.swift in Sources */,
				172261361ED35235002B51A5 /* FeedViewControllerState.swift in Sources */,
				1791CA141ECA42C70053F556 /* CounterAsyncState.swift in Sources */,
				17DF363B1EC763000085D152 /* State.swift in Sources */,
				172261481ED3A30D002B51A5 /* SubmissionTransition.swift in Sources */,
				1735A8431ECE2DD600152C0E /* FeedLoadingTransition.swift in Sources */,
				17DF36911EC8E2120085D152 /* CounterTransition.swift in Sources */,
				17DF36981EC8F7AF0085D152 /* ToggleState.swift in Sources */,
				1737A92F1ECCC5E6000EF42E /* Session.swift in Sources */,
				1737A9291ECCB462000EF42E /* Feed.swift in Sources */,
				17DF36931EC8E6D20085D152 /* CounterState.swift in Sources */,
				17DF369A1EC8F8020085D152 /* ToggleTransition.swift in Sources */,
				1791CA0A1EC9FD370053F556 /* AuthenticationTransition.swift in Sources */,
				172261461ED39EF6002B51A5 /* SubmissionState.swift in Sources */,
				1791CA101ECA40E30053F556 /* ToggleAsyncState.swift in Sources */,
				17DF36791EC7C0BE0085D152 /* LoadingTransition.swift in Sources */,
				1791CA081EC9FD300053F556 /* AuthenticationState.swift in Sources */,
				1735A8471ECE3B3800152C0E /* Identifiable.swift in Sources */,
				1791CA121ECA40ED0053F556 /* ToggleAsyncTransition.swift in Sources */,
				1791CA201ECA66000053F556 /* Toggle.swift in Sources */,
			);
			runOnlyForDeploymentPostprocessing = 0;
		};
		17DF36431EC79FF70085D152 /* Sources */ = {
			isa = PBXSourcesBuildPhase;
			buildActionMask = 2147483647;
			files = (
				17DF36741EC7BBE30085D152 /* QuoteList.swift in Sources */,
				17DF36701EC7B8E50085D152 /* DunstonChecksInAPI.swift in Sources */,
				17DF364C1EC79FF70085D152 /* ExampleViewController.swift in Sources */,
				17DF36681EC7B0B40085D152 /* QuoteView.swift in Sources */,
				17DF369C1EC8FE350085D152 /* DisplayStyle.swift in Sources */,
				17DF36721EC7B9AB0085D152 /* DunstonChecksInAPI+Quote.swift in Sources */,
				17DF36621EC7A1100085D152 /* ExampleDataSource.swift in Sources */,
				17DF36641EC7A1390085D152 /* ExampleViewControllerState.swift in Sources */,
				17DF36661EC7B0820085D152 /* Quote.swift in Sources */,
				17DF366A1EC7B4AB0085D152 /* QuoteViewController.swift in Sources */,
				1735A8791ECF96AB00152C0E /* Strings.swift in Sources */,
				17DF364A1EC79FF70085D152 /* AppDelegate.swift in Sources */,
			);
			runOnlyForDeploymentPostprocessing = 0;
		};
/* End PBXSourcesBuildPhase section */

/* Begin PBXTargetDependency section */
		1737A9201ECCB188000EF42E /* PBXTargetDependency */ = {
			isa = PBXTargetDependency;
			target = 17DF362E1EC762ED0085D152 /* Province */;
			targetProxy = 1737A91F1ECCB188000EF42E /* PBXContainerItemProxy */;
		};
		17DF365C1EC7A0A10085D152 /* PBXTargetDependency */ = {
			isa = PBXTargetDependency;
			target = 17DF362E1EC762ED0085D152 /* Province */;
			targetProxy = 17DF365B1EC7A0A10085D152 /* PBXContainerItemProxy */;
		};
/* End PBXTargetDependency section */

/* Begin PBXVariantGroup section */
		1737A90A1ECCB12F000EF42E /* Main.storyboard */ = {
			isa = PBXVariantGroup;
			children = (
				1737A90B1ECCB12F000EF42E /* Base */,
			);
			name = Main.storyboard;
			sourceTree = "<group>";
		};
		17DF364D1EC79FF70085D152 /* Main.storyboard */ = {
			isa = PBXVariantGroup;
			children = (
				17DF364E1EC79FF70085D152 /* Base */,
			);
			name = Main.storyboard;
			sourceTree = "<group>";
		};
/* End PBXVariantGroup section */

/* Begin XCBuildConfiguration section */
		1737A9131ECCB12F000EF42E /* Debug */ = {
			isa = XCBuildConfiguration;
			buildSettings = {
				ALWAYS_EMBED_SWIFT_STANDARD_LIBRARIES = YES;
				ASSETCATALOG_COMPILER_APPICON_NAME = AppIcon;
				DEVELOPMENT_TEAM = 5BJ5JFAS37;
				FRAMEWORK_SEARCH_PATHS = (
					"$(inherited)",
					"$(PROJECT_DIR)/Carthage/Build/iOS",
				);
				INFOPLIST_FILE = TwitterClient/Info.plist;
				LD_RUNPATH_SEARCH_PATHS = "$(inherited) @executable_path/Frameworks";
				PRODUCT_BUNDLE_IDENTIFIER = com.squareknot.TwitterClient;
				PRODUCT_NAME = "$(TARGET_NAME)";
				SWIFT_VERSION = 3.0;
			};
			name = Debug;
		};
		1737A9141ECCB12F000EF42E /* Release */ = {
			isa = XCBuildConfiguration;
			buildSettings = {
				ALWAYS_EMBED_SWIFT_STANDARD_LIBRARIES = YES;
				ASSETCATALOG_COMPILER_APPICON_NAME = AppIcon;
				DEVELOPMENT_TEAM = 5BJ5JFAS37;
				FRAMEWORK_SEARCH_PATHS = (
					"$(inherited)",
					"$(PROJECT_DIR)/Carthage/Build/iOS",
				);
				INFOPLIST_FILE = TwitterClient/Info.plist;
				LD_RUNPATH_SEARCH_PATHS = "$(inherited) @executable_path/Frameworks";
				PRODUCT_BUNDLE_IDENTIFIER = com.squareknot.TwitterClient;
				PRODUCT_NAME = "$(TARGET_NAME)";
				SWIFT_VERSION = 3.0;
			};
			name = Release;
		};
		17DF36351EC762ED0085D152 /* Debug */ = {
			isa = XCBuildConfiguration;
			buildSettings = {
				ALWAYS_SEARCH_USER_PATHS = NO;
				CLANG_ANALYZER_NONNULL = YES;
				CLANG_ANALYZER_NUMBER_OBJECT_CONVERSION = YES_AGGRESSIVE;
				CLANG_CXX_LANGUAGE_STANDARD = "gnu++0x";
				CLANG_CXX_LIBRARY = "libc++";
				CLANG_ENABLE_MODULES = YES;
				CLANG_ENABLE_OBJC_ARC = YES;
				CLANG_WARN_BOOL_CONVERSION = YES;
				CLANG_WARN_CONSTANT_CONVERSION = YES;
				CLANG_WARN_DIRECT_OBJC_ISA_USAGE = YES_ERROR;
				CLANG_WARN_DOCUMENTATION_COMMENTS = YES;
				CLANG_WARN_EMPTY_BODY = YES;
				CLANG_WARN_ENUM_CONVERSION = YES;
				CLANG_WARN_INFINITE_RECURSION = YES;
				CLANG_WARN_INT_CONVERSION = YES;
				CLANG_WARN_OBJC_ROOT_CLASS = YES_ERROR;
				CLANG_WARN_SUSPICIOUS_MOVE = YES;
				CLANG_WARN_UNREACHABLE_CODE = YES;
				CLANG_WARN__DUPLICATE_METHOD_MATCH = YES;
				"CODE_SIGN_IDENTITY[sdk=iphoneos*]" = "iPhone Developer";
				COPY_PHASE_STRIP = NO;
				CURRENT_PROJECT_VERSION = 1;
				DEBUG_INFORMATION_FORMAT = dwarf;
				ENABLE_STRICT_OBJC_MSGSEND = YES;
				ENABLE_TESTABILITY = YES;
				GCC_C_LANGUAGE_STANDARD = gnu99;
				GCC_DYNAMIC_NO_PIC = NO;
				GCC_NO_COMMON_BLOCKS = YES;
				GCC_OPTIMIZATION_LEVEL = 0;
				GCC_PREPROCESSOR_DEFINITIONS = (
					"DEBUG=1",
					"$(inherited)",
				);
				GCC_WARN_64_TO_32_BIT_CONVERSION = YES;
				GCC_WARN_ABOUT_RETURN_TYPE = YES_ERROR;
				GCC_WARN_UNDECLARED_SELECTOR = YES;
				GCC_WARN_UNINITIALIZED_AUTOS = YES_AGGRESSIVE;
				GCC_WARN_UNUSED_FUNCTION = YES;
				GCC_WARN_UNUSED_VARIABLE = YES;
				IPHONEOS_DEPLOYMENT_TARGET = 10.3;
				MTL_ENABLE_DEBUG_INFO = YES;
				ONLY_ACTIVE_ARCH = YES;
				SDKROOT = iphoneos;
				SWIFT_ACTIVE_COMPILATION_CONDITIONS = DEBUG;
				SWIFT_OPTIMIZATION_LEVEL = "-Onone";
				TARGETED_DEVICE_FAMILY = "1,2";
				VERSIONING_SYSTEM = "apple-generic";
				VERSION_INFO_PREFIX = "";
			};
			name = Debug;
		};
		17DF36361EC762ED0085D152 /* Release */ = {
			isa = XCBuildConfiguration;
			buildSettings = {
				ALWAYS_SEARCH_USER_PATHS = NO;
				CLANG_ANALYZER_NONNULL = YES;
				CLANG_ANALYZER_NUMBER_OBJECT_CONVERSION = YES_AGGRESSIVE;
				CLANG_CXX_LANGUAGE_STANDARD = "gnu++0x";
				CLANG_CXX_LIBRARY = "libc++";
				CLANG_ENABLE_MODULES = YES;
				CLANG_ENABLE_OBJC_ARC = YES;
				CLANG_WARN_BOOL_CONVERSION = YES;
				CLANG_WARN_CONSTANT_CONVERSION = YES;
				CLANG_WARN_DIRECT_OBJC_ISA_USAGE = YES_ERROR;
				CLANG_WARN_DOCUMENTATION_COMMENTS = YES;
				CLANG_WARN_EMPTY_BODY = YES;
				CLANG_WARN_ENUM_CONVERSION = YES;
				CLANG_WARN_INFINITE_RECURSION = YES;
				CLANG_WARN_INT_CONVERSION = YES;
				CLANG_WARN_OBJC_ROOT_CLASS = YES_ERROR;
				CLANG_WARN_SUSPICIOUS_MOVE = YES;
				CLANG_WARN_UNREACHABLE_CODE = YES;
				CLANG_WARN__DUPLICATE_METHOD_MATCH = YES;
				"CODE_SIGN_IDENTITY[sdk=iphoneos*]" = "iPhone Developer";
				COPY_PHASE_STRIP = NO;
				CURRENT_PROJECT_VERSION = 1;
				DEBUG_INFORMATION_FORMAT = "dwarf-with-dsym";
				ENABLE_NS_ASSERTIONS = NO;
				ENABLE_STRICT_OBJC_MSGSEND = YES;
				GCC_C_LANGUAGE_STANDARD = gnu99;
				GCC_NO_COMMON_BLOCKS = YES;
				GCC_WARN_64_TO_32_BIT_CONVERSION = YES;
				GCC_WARN_ABOUT_RETURN_TYPE = YES_ERROR;
				GCC_WARN_UNDECLARED_SELECTOR = YES;
				GCC_WARN_UNINITIALIZED_AUTOS = YES_AGGRESSIVE;
				GCC_WARN_UNUSED_FUNCTION = YES;
				GCC_WARN_UNUSED_VARIABLE = YES;
				IPHONEOS_DEPLOYMENT_TARGET = 10.3;
				MTL_ENABLE_DEBUG_INFO = NO;
				SDKROOT = iphoneos;
				SWIFT_OPTIMIZATION_LEVEL = "-Owholemodule";
				TARGETED_DEVICE_FAMILY = "1,2";
				VALIDATE_PRODUCT = YES;
				VERSIONING_SYSTEM = "apple-generic";
				VERSION_INFO_PREFIX = "";
			};
			name = Release;
		};
		17DF36381EC762ED0085D152 /* Debug */ = {
			isa = XCBuildConfiguration;
			buildSettings = {
				CLANG_ENABLE_MODULES = YES;
				CODE_SIGN_IDENTITY = "";
				DEFINES_MODULE = YES;
				DEVELOPMENT_TEAM = 5BJ5JFAS37;
				DYLIB_COMPATIBILITY_VERSION = 1;
				DYLIB_CURRENT_VERSION = 1;
				DYLIB_INSTALL_NAME_BASE = "@rpath";
				FRAMEWORK_SEARCH_PATHS = (
					"$(inherited)",
					"$(PROJECT_DIR)/Carthage/Build/iOS",
				);
				INFOPLIST_FILE = Province/Info.plist;
				INSTALL_PATH = "$(LOCAL_LIBRARY_DIR)/Frameworks";
				LD_RUNPATH_SEARCH_PATHS = "$(inherited) @executable_path/Frameworks @loader_path/Frameworks";
				PRODUCT_BUNDLE_IDENTIFIER = com.squareknot.Province;
				PRODUCT_NAME = "$(TARGET_NAME)";
				SKIP_INSTALL = YES;
				SWIFT_OPTIMIZATION_LEVEL = "-Onone";
				SWIFT_VERSION = 3.0;
			};
			name = Debug;
		};
		17DF36391EC762ED0085D152 /* Release */ = {
			isa = XCBuildConfiguration;
			buildSettings = {
				CLANG_ENABLE_MODULES = YES;
				CODE_SIGN_IDENTITY = "";
				DEFINES_MODULE = YES;
				DEVELOPMENT_TEAM = 5BJ5JFAS37;
				DYLIB_COMPATIBILITY_VERSION = 1;
				DYLIB_CURRENT_VERSION = 1;
				DYLIB_INSTALL_NAME_BASE = "@rpath";
				FRAMEWORK_SEARCH_PATHS = (
					"$(inherited)",
					"$(PROJECT_DIR)/Carthage/Build/iOS",
				);
				INFOPLIST_FILE = Province/Info.plist;
				INSTALL_PATH = "$(LOCAL_LIBRARY_DIR)/Frameworks";
				LD_RUNPATH_SEARCH_PATHS = "$(inherited) @executable_path/Frameworks @loader_path/Frameworks";
				PRODUCT_BUNDLE_IDENTIFIER = com.squareknot.Province;
				PRODUCT_NAME = "$(TARGET_NAME)";
				SKIP_INSTALL = YES;
				SWIFT_VERSION = 3.0;
			};
			name = Release;
		};
		17DF36571EC79FF70085D152 /* Debug */ = {
			isa = XCBuildConfiguration;
			buildSettings = {
				ALWAYS_EMBED_SWIFT_STANDARD_LIBRARIES = YES;
				ASSETCATALOG_COMPILER_APPICON_NAME = AppIcon;
				DEVELOPMENT_TEAM = 5BJ5JFAS37;
				FRAMEWORK_SEARCH_PATHS = (
					"$(inherited)",
					"$(PROJECT_DIR)/Carthage/Build/iOS",
				);
				INFOPLIST_FILE = ProvinceExample/Info.plist;
				LD_RUNPATH_SEARCH_PATHS = "$(inherited) @executable_path/Frameworks";
				PRODUCT_BUNDLE_IDENTIFIER = com.squareknot.ProvinceExample;
				PRODUCT_NAME = "$(TARGET_NAME)";
				SWIFT_VERSION = 3.0;
			};
			name = Debug;
		};
		17DF36581EC79FF70085D152 /* Release */ = {
			isa = XCBuildConfiguration;
			buildSettings = {
				ALWAYS_EMBED_SWIFT_STANDARD_LIBRARIES = YES;
				ASSETCATALOG_COMPILER_APPICON_NAME = AppIcon;
				DEVELOPMENT_TEAM = 5BJ5JFAS37;
				FRAMEWORK_SEARCH_PATHS = (
					"$(inherited)",
					"$(PROJECT_DIR)/Carthage/Build/iOS",
				);
				INFOPLIST_FILE = ProvinceExample/Info.plist;
				LD_RUNPATH_SEARCH_PATHS = "$(inherited) @executable_path/Frameworks";
				PRODUCT_BUNDLE_IDENTIFIER = com.squareknot.ProvinceExample;
				PRODUCT_NAME = "$(TARGET_NAME)";
				SWIFT_VERSION = 3.0;
			};
			name = Release;
		};
/* End XCBuildConfiguration section */

/* Begin XCConfigurationList section */
		1737A9151ECCB12F000EF42E /* Build configuration list for PBXNativeTarget "TwitterClient" */ = {
			isa = XCConfigurationList;
			buildConfigurations = (
				1737A9131ECCB12F000EF42E /* Debug */,
				1737A9141ECCB12F000EF42E /* Release */,
			);
			defaultConfigurationIsVisible = 0;
			defaultConfigurationName = Release;
		};
		17DF36291EC762ED0085D152 /* Build configuration list for PBXProject "Province" */ = {
			isa = XCConfigurationList;
			buildConfigurations = (
				17DF36351EC762ED0085D152 /* Debug */,
				17DF36361EC762ED0085D152 /* Release */,
			);
			defaultConfigurationIsVisible = 0;
			defaultConfigurationName = Release;
		};
		17DF36371EC762ED0085D152 /* Build configuration list for PBXNativeTarget "Province" */ = {
			isa = XCConfigurationList;
			buildConfigurations = (
				17DF36381EC762ED0085D152 /* Debug */,
				17DF36391EC762ED0085D152 /* Release */,
			);
			defaultConfigurationIsVisible = 0;
			defaultConfigurationName = Release;
		};
		17DF36561EC79FF70085D152 /* Build configuration list for PBXNativeTarget "ProvinceExample" */ = {
			isa = XCConfigurationList;
			buildConfigurations = (
				17DF36571EC79FF70085D152 /* Debug */,
				17DF36581EC79FF70085D152 /* Release */,
			);
			defaultConfigurationIsVisible = 0;
			defaultConfigurationName = Release;
		};
/* End XCConfigurationList section */
	};
	rootObject = 17DF36261EC762ED0085D152 /* Project object */;
}
